
Microsoft Visual Studio Solution File, Format Version 12.00
# Visual Studio 15
VisualStudioVersion = 15.0.27004.2008
MinimumVisualStudioVersion = 10.0.40219.1
Project("{9A19103F-16F7-4668-BE54-9A1E7A4F7556}") = "CoreFaces.Product.Models", "CoreFaces.Product.Models\CoreFaces.Product.Models.csproj", "{2C0E3A0B-A716-4F85-B591-38500FE22B04}"
EndProject
Project("{9A19103F-16F7-4668-BE54-9A1E7A4F7556}") = "CoreFaces.Product.Api", "CoreFaces.Product.Api\CoreFaces.Product.Api.csproj", "{63194972-F605-46E8-A302-8248CADF08F1}"
EndProject
Project("{9A19103F-16F7-4668-BE54-9A1E7A4F7556}") = "CoreFaces.Product.Repositories", "CoreFaces.Product.Repositories\CoreFaces.Product.Repositories.csproj", "{A8D8E067-F722-4401-B2AE-5782B063BDAD}"
EndProject
Project("{9A19103F-16F7-4668-BE54-9A1E7A4F7556}") = "CoreFaces.Product.Services", "CoreFaces.Product.Services\CoreFaces.Product.Services.csproj", "{28D063CD-9093-4D0B-A567-A5F47687163E}"
EndProject
Project("{9A19103F-16F7-4668-BE54-9A1E7A4F7556}") = "CoreFaces.Product.UnitTest", "CoreFaces.Product.UnitTest\CoreFaces.Product.UnitTest.csproj", "{97B7EE04-03B0-497C-951C-D6F84DD018C0}"
EndProject
Global
	GlobalSection(SolutionConfigurationPlatforms) = preSolution
		Debug|Any CPU = Debug|Any CPU
		Release|Any CPU = Release|Any CPU
	EndGlobalSection
	GlobalSection(ProjectConfigurationPlatforms) = postSolution
		{2C0E3A0B-A716-4F85-B591-38500FE22B04}.Debug|Any CPU.ActiveCfg = Debug|Any CPU
		{2C0E3A0B-A716-4F85-B591-38500FE22B04}.Debug|Any CPU.Build.0 = Debug|Any CPU
		{2C0E3A0B-A716-4F85-B591-38500FE22B04}.Release|Any CPU.ActiveCfg = Release|Any CPU
		{2C0E3A0B-A716-4F85-B591-38500FE22B04}.Release|Any CPU.Build.0 = Release|Any CPU
		{63194972-F605-46E8-A302-8248CADF08F1}.Debug|Any CPU.ActiveCfg = Debug|Any CPU
		{63194972-F605-46E8-A302-8248CADF08F1}.Debug|Any CPU.Build.0 = Debug|Any CPU
		{63194972-F605-46E8-A302-8248CADF08F1}.Release|Any CPU.ActiveCfg = Release|Any CPU
		{63194972-F605-46E8-A302-8248CADF08F1}.Release|Any CPU.Build.0 = Release|Any CPU
		{A8D8E067-F722-4401-B2AE-5782B063BDAD}.Debug|Any CPU.ActiveCfg = Debug|Any CPU
		{A8D8E067-F722-4401-B2AE-5782B063BDAD}.Debug|Any CPU.Build.0 = Debug|Any CPU
		{A8D8E067-F722-4401-B2AE-5782B063BDAD}.Release|Any CPU.ActiveCfg = Release|Any CPU
		{A8D8E067-F722-4401-B2AE-5782B063BDAD}.Release|Any CPU.Build.0 = Release|Any CPU
		{28D063CD-9093-4D0B-A567-A5F47687163E}.Debug|Any CPU.ActiveCfg = Debug|Any CPU
		{28D063CD-9093-4D0B-A567-A5F47687163E}.Debug|Any CPU.Build.0 = Debug|Any CPU
		{28D063CD-9093-4D0B-A567-A5F47687163E}.Release|Any CPU.ActiveCfg = Release|Any CPU
		{28D063CD-9093-4D0B-A567-A5F47687163E}.Release|Any CPU.Build.0 = Release|Any CPU
		{97B7EE04-03B0-497C-951C-D6F84DD018C0}.Debug|Any CPU.ActiveCfg = Debug|Any CPU
		{97B7EE04-03B0-497C-951C-D6F84DD018C0}.Debug|Any CPU.Build.0 = Debug|Any CPU
		{97B7EE04-03B0-497C-951C-D6F84DD018C0}.Release|Any CPU.ActiveCfg = Release|Any CPU
		{97B7EE04-03B0-497C-951C-D6F84DD018C0}.Release|Any CPU.Build.0 = Release|Any CPU
	EndGlobalSection
	GlobalSection(SolutionProperties) = preSolution
		HideSolutionNode = FALSE
	EndGlobalSection
	GlobalSection(ExtensibilityGlobals) = postSolution
		SolutionGuid = {2A9CE778-6B75-48CA-886C-506027F1F49A}
	EndGlobalSection
EndGlobal
